
Microsoft Visual Studio Solution File, Format Version 12.00
# Visual Studio Version 16
VisualStudioVersion = 16.0.30523.141
MinimumVisualStudioVersion = 10.0.40219.1
Project("{FAE04EC0-301F-11D3-BF4B-00C04F79EFBC}") = "IO_lab2_serwer", "IO_lab2_serwer\IO_lab2_serwer.csproj", "{47A9F838-D22A-4C58-B697-70800B65647E}"
EndProject
Project("{FAE04EC0-301F-11D3-BF4B-00C04F79EFBC}") = "ServerEchoLib", "ServerEchoLib\ServerEchoLib.csproj", "{FE09036A-EF6C-47AA-B8C8-2E4157106293}"
EndProject
Global
	GlobalSection(SolutionConfigurationPlatforms) = preSolution
		Debug|Any CPU = Debug|Any CPU
		Release|Any CPU = Release|Any CPU
	EndGlobalSection
	GlobalSection(ProjectConfigurationPlatforms) = postSolution
		{47A9F838-D22A-4C58-B697-70800B65647E}.Debug|Any CPU.ActiveCfg = Debug|Any CPU
		{47A9F838-D22A-4C58-B697-70800B65647E}.Debug|Any CPU.Build.0 = Debug|Any CPU
		{47A9F838-D22A-4C58-B697-70800B65647E}.Release|Any CPU.ActiveCfg = Release|Any CPU
		{47A9F838-D22A-4C58-B697-70800B65647E}.Release|Any CPU.Build.0 = Release|Any CPU
		{FE09036A-EF6C-47AA-B8C8-2E4157106293}.Debug|Any CPU.ActiveCfg = Debug|Any CPU
		{FE09036A-EF6C-47AA-B8C8-2E4157106293}.Debug|Any CPU.Build.0 = Debug|Any CPU
		{FE09036A-EF6C-47AA-B8C8-2E4157106293}.Release|Any CPU.ActiveCfg = Release|Any CPU
		{FE09036A-EF6C-47AA-B8C8-2E4157106293}.Release|Any CPU.Build.0 = Release|Any CPU
	EndGlobalSection
	GlobalSection(SolutionProperties) = preSolution
		HideSolutionNode = FALSE
	EndGlobalSection
	GlobalSection(ExtensibilityGlobals) = postSolution
		SolutionGuid = {FF11DF50-EDB4-430C-8AF9-36A526AA3B86}
	EndGlobalSection
EndGlobal
