
Microsoft Visual Studio Solution File, Format Version 12.00
# Visual Studio Version 16
VisualStudioVersion = 16.0.30523.141
MinimumVisualStudioVersion = 10.0.40219.1
Project("{FAE04EC0-301F-11D3-BF4B-00C04F79EFBC}") = "IO_lab2", "IO_lab2\IO_lab2.csproj", "{EE7458C8-C24C-491E-8C12-6F9FE5C1FC59}"
EndProject
Project("{FAE04EC0-301F-11D3-BF4B-00C04F79EFBC}") = "ServerEchoSync", "ServerEchoSync\ServerEchoSync.csproj", "{AC85BA4A-D977-4BF6-99B8-32F1AC46B552}"
EndProject
Global
	GlobalSection(SolutionConfigurationPlatforms) = preSolution
		Debug|Any CPU = Debug|Any CPU
		Release|Any CPU = Release|Any CPU
	EndGlobalSection
	GlobalSection(ProjectConfigurationPlatforms) = postSolution
		{EE7458C8-C24C-491E-8C12-6F9FE5C1FC59}.Debug|Any CPU.ActiveCfg = Debug|Any CPU
		{EE7458C8-C24C-491E-8C12-6F9FE5C1FC59}.Debug|Any CPU.Build.0 = Debug|Any CPU
		{EE7458C8-C24C-491E-8C12-6F9FE5C1FC59}.Release|Any CPU.ActiveCfg = Release|Any CPU
		{EE7458C8-C24C-491E-8C12-6F9FE5C1FC59}.Release|Any CPU.Build.0 = Release|Any CPU
		{AC85BA4A-D977-4BF6-99B8-32F1AC46B552}.Debug|Any CPU.ActiveCfg = Debug|Any CPU
		{AC85BA4A-D977-4BF6-99B8-32F1AC46B552}.Debug|Any CPU.Build.0 = Debug|Any CPU
		{AC85BA4A-D977-4BF6-99B8-32F1AC46B552}.Release|Any CPU.ActiveCfg = Release|Any CPU
		{AC85BA4A-D977-4BF6-99B8-32F1AC46B552}.Release|Any CPU.Build.0 = Release|Any CPU
	EndGlobalSection
	GlobalSection(SolutionProperties) = preSolution
		HideSolutionNode = FALSE
	EndGlobalSection
	GlobalSection(ExtensibilityGlobals) = postSolution
		SolutionGuid = {FF11DF50-EDB4-430C-8AF9-36A526AA3B86}
	EndGlobalSection
EndGlobal
